
Microsoft Visual Studio Solution File, Format Version 12.00
Project("{FAE04EC0-301F-11D3-BF4B-00C04F79EFBC}") = "CountriesRecommendation", "CountriesRecommendation\CountriesRecommendation.csproj", "{6EB200BC-1093-4E53-9790-2BCC5E30DC45}"
EndProject
Project("{FAE04EC0-301F-11D3-BF4B-00C04F79EFBC}") = "CountriesRecommendation.Helpers", "CountriesRecommendation.Helpers\CountriesRecommendation.Helpers.csproj", "{E78BCE33-558E-4F58-A98C-2FFD0F1FBB5F}"
EndProject
Project("{FAE04EC0-301F-11D3-BF4B-00C04F79EFBC}") = "CountriesRecommendation.Helpers.Tests", "CountriesRecommendation.Helpers.Tests\CountriesRecommendation.Helpers.Tests.csproj", "{FEFFB453-90D3-49A5-9C9D-E09B7286EFB1}"
EndProject
Global
	GlobalSection(SolutionConfigurationPlatforms) = preSolution
		Debug|Any CPU = Debug|Any CPU
		Release|Any CPU = Release|Any CPU
	EndGlobalSection
	GlobalSection(ProjectConfigurationPlatforms) = postSolution
		{6EB200BC-1093-4E53-9790-2BCC5E30DC45}.Debug|Any CPU.ActiveCfg = Debug|Any CPU
		{6EB200BC-1093-4E53-9790-2BCC5E30DC45}.Debug|Any CPU.Build.0 = Debug|Any CPU
		{6EB200BC-1093-4E53-9790-2BCC5E30DC45}.Release|Any CPU.ActiveCfg = Release|Any CPU
		{6EB200BC-1093-4E53-9790-2BCC5E30DC45}.Release|Any CPU.Build.0 = Release|Any CPU
		{E78BCE33-558E-4F58-A98C-2FFD0F1FBB5F}.Debug|Any CPU.ActiveCfg = Debug|Any CPU
		{E78BCE33-558E-4F58-A98C-2FFD0F1FBB5F}.Debug|Any CPU.Build.0 = Debug|Any CPU
		{E78BCE33-558E-4F58-A98C-2FFD0F1FBB5F}.Release|Any CPU.ActiveCfg = Release|Any CPU
		{E78BCE33-558E-4F58-A98C-2FFD0F1FBB5F}.Release|Any CPU.Build.0 = Release|Any CPU
		{FEFFB453-90D3-49A5-9C9D-E09B7286EFB1}.Debug|Any CPU.ActiveCfg = Debug|Any CPU
		{FEFFB453-90D3-49A5-9C9D-E09B7286EFB1}.Debug|Any CPU.Build.0 = Debug|Any CPU
		{FEFFB453-90D3-49A5-9C9D-E09B7286EFB1}.Release|Any CPU.ActiveCfg = Release|Any CPU
		{FEFFB453-90D3-49A5-9C9D-E09B7286EFB1}.Release|Any CPU.Build.0 = Release|Any CPU
	EndGlobalSection
EndGlobal
